
Microsoft Visual Studio Solution File, Format Version 12.00
# Visual Studio Version 16
VisualStudioVersion = 16.0.31729.503
MinimumVisualStudioVersion = 10.0.40219.1
Project("{FAE04EC0-301F-11D3-BF4B-00C04F79EFBC}") = "winFormConexionSql", "winFormConexionSql.csproj", "{F6F4DE60-3E56-40B0-8B0C-B908BE00D0EE}"
EndProject
Global
	GlobalSection(SolutionConfigurationPlatforms) = preSolution
		Debug|Any CPU = Debug|Any CPU
		Release|Any CPU = Release|Any CPU
	EndGlobalSection
	GlobalSection(ProjectConfigurationPlatforms) = postSolution
		{F6F4DE60-3E56-40B0-8B0C-B908BE00D0EE}.Debug|Any CPU.ActiveCfg = Debug|Any CPU
		{F6F4DE60-3E56-40B0-8B0C-B908BE00D0EE}.Debug|Any CPU.Build.0 = Debug|Any CPU
		{F6F4DE60-3E56-40B0-8B0C-B908BE00D0EE}.Release|Any CPU.ActiveCfg = Release|Any CPU
		{F6F4DE60-3E56-40B0-8B0C-B908BE00D0EE}.Release|Any CPU.Build.0 = Release|Any CPU
	EndGlobalSection
	GlobalSection(SolutionProperties) = preSolution
		HideSolutionNode = FALSE
	EndGlobalSection
	GlobalSection(ExtensibilityGlobals) = postSolution
		SolutionGuid = {DEB875CD-FE4E-47CF-B4C3-78E80D23A734}
	EndGlobalSection
EndGlobal
